
Microsoft Visual Studio Solution File, Format Version 12.00
# Visual Studio Version 16
VisualStudioVersion = 16.0.31424.327
MinimumVisualStudioVersion = 10.0.40219.1
Project("{2150E333-8FDC-42A3-9474-1A3956D46DE8}") = "src", "src", "{089EB4DC-10E2-47F2-87DD-95347EB3D9D1}"
EndProject
Project("{2150E333-8FDC-42A3-9474-1A3956D46DE8}") = "Core", "Core", "{BF209D39-FBE8-4439-8A65-33451DFFFA66}"
EndProject
Project("{2150E333-8FDC-42A3-9474-1A3956D46DE8}") = "Infrastructure", "Infrastructure", "{E992C0BF-D56B-434E-8DC9-513D248F8B60}"
EndProject
Project("{2150E333-8FDC-42A3-9474-1A3956D46DE8}") = "Presentation", "Presentation", "{C01EA1F0-F587-4F7E-A7C4-7607A0E59401}"
EndProject
Project("{FAE04EC0-301F-11D3-BF4B-00C04F79EFBC}") = "Application", "Application\Application.csproj", "{BD4BCF2E-A00C-4FCB-9906-D5422DC48818}"
EndProject
Project("{FAE04EC0-301F-11D3-BF4B-00C04F79EFBC}") = "Domain", "Domain\Domain.csproj", "{E192B144-17F3-4B84-8C3E-908A30D393DC}"
EndProject
Project("{FAE04EC0-301F-11D3-BF4B-00C04F79EFBC}") = "Persistence", "Persistence\Persistence.csproj", "{F5B7BCB3-BE98-4232-ADF2-1ADAA25A2D2C}"
EndProject
Project("{FAE04EC0-301F-11D3-BF4B-00C04F79EFBC}") = "Shared", "Shared\Shared.csproj", "{E828C2F6-B2BC-499B-9A29-B54E030EEA77}"
EndProject
Project("{FAE04EC0-301F-11D3-BF4B-00C04F79EFBC}") = "WebAPI", "WebAPI\WebAPI.csproj", "{D8CEE75C-759A-45CB-98AE-EC2290253EE1}"
EndProject
Global
	GlobalSection(SolutionConfigurationPlatforms) = preSolution
		Debug|Any CPU = Debug|Any CPU
		Release|Any CPU = Release|Any CPU
	EndGlobalSection
	GlobalSection(ProjectConfigurationPlatforms) = postSolution
		{BD4BCF2E-A00C-4FCB-9906-D5422DC48818}.Debug|Any CPU.ActiveCfg = Debug|Any CPU
		{BD4BCF2E-A00C-4FCB-9906-D5422DC48818}.Debug|Any CPU.Build.0 = Debug|Any CPU
		{BD4BCF2E-A00C-4FCB-9906-D5422DC48818}.Release|Any CPU.ActiveCfg = Release|Any CPU
		{BD4BCF2E-A00C-4FCB-9906-D5422DC48818}.Release|Any CPU.Build.0 = Release|Any CPU
		{E192B144-17F3-4B84-8C3E-908A30D393DC}.Debug|Any CPU.ActiveCfg = Debug|Any CPU
		{E192B144-17F3-4B84-8C3E-908A30D393DC}.Debug|Any CPU.Build.0 = Debug|Any CPU
		{E192B144-17F3-4B84-8C3E-908A30D393DC}.Release|Any CPU.ActiveCfg = Release|Any CPU
		{E192B144-17F3-4B84-8C3E-908A30D393DC}.Release|Any CPU.Build.0 = Release|Any CPU
		{F5B7BCB3-BE98-4232-ADF2-1ADAA25A2D2C}.Debug|Any CPU.ActiveCfg = Debug|Any CPU
		{F5B7BCB3-BE98-4232-ADF2-1ADAA25A2D2C}.Debug|Any CPU.Build.0 = Debug|Any CPU
		{F5B7BCB3-BE98-4232-ADF2-1ADAA25A2D2C}.Release|Any CPU.ActiveCfg = Release|Any CPU
		{F5B7BCB3-BE98-4232-ADF2-1ADAA25A2D2C}.Release|Any CPU.Build.0 = Release|Any CPU
		{E828C2F6-B2BC-499B-9A29-B54E030EEA77}.Debug|Any CPU.ActiveCfg = Debug|Any CPU
		{E828C2F6-B2BC-499B-9A29-B54E030EEA77}.Debug|Any CPU.Build.0 = Debug|Any CPU
		{E828C2F6-B2BC-499B-9A29-B54E030EEA77}.Release|Any CPU.ActiveCfg = Release|Any CPU
		{E828C2F6-B2BC-499B-9A29-B54E030EEA77}.Release|Any CPU.Build.0 = Release|Any CPU
		{D8CEE75C-759A-45CB-98AE-EC2290253EE1}.Debug|Any CPU.ActiveCfg = Debug|Any CPU
		{D8CEE75C-759A-45CB-98AE-EC2290253EE1}.Debug|Any CPU.Build.0 = Debug|Any CPU
		{D8CEE75C-759A-45CB-98AE-EC2290253EE1}.Release|Any CPU.ActiveCfg = Release|Any CPU
		{D8CEE75C-759A-45CB-98AE-EC2290253EE1}.Release|Any CPU.Build.0 = Release|Any CPU
	EndGlobalSection
	GlobalSection(SolutionProperties) = preSolution
		HideSolutionNode = FALSE
	EndGlobalSection
	GlobalSection(NestedProjects) = preSolution
		{BF209D39-FBE8-4439-8A65-33451DFFFA66} = {089EB4DC-10E2-47F2-87DD-95347EB3D9D1}
		{E992C0BF-D56B-434E-8DC9-513D248F8B60} = {089EB4DC-10E2-47F2-87DD-95347EB3D9D1}
		{C01EA1F0-F587-4F7E-A7C4-7607A0E59401} = {089EB4DC-10E2-47F2-87DD-95347EB3D9D1}
		{BD4BCF2E-A00C-4FCB-9906-D5422DC48818} = {BF209D39-FBE8-4439-8A65-33451DFFFA66}
		{E192B144-17F3-4B84-8C3E-908A30D393DC} = {BF209D39-FBE8-4439-8A65-33451DFFFA66}
		{F5B7BCB3-BE98-4232-ADF2-1ADAA25A2D2C} = {E992C0BF-D56B-434E-8DC9-513D248F8B60}
		{E828C2F6-B2BC-499B-9A29-B54E030EEA77} = {E992C0BF-D56B-434E-8DC9-513D248F8B60}
		{D8CEE75C-759A-45CB-98AE-EC2290253EE1} = {C01EA1F0-F587-4F7E-A7C4-7607A0E59401}
	EndGlobalSection
	GlobalSection(ExtensibilityGlobals) = postSolution
		SolutionGuid = {517044F6-3DBA-41DB-90D5-0B04E20E015D}
	EndGlobalSection
EndGlobal
